// !$*UTF8*$!
{
	archiveVersion = 1;
	classes = {
	};
	objectVersion = 56;
	objects = {

/* Begin PBXBuildFile section */
		525A5E8A2BC8FCC900D896A4 /* WishListTableViewCell.swift in Sources */ = {isa = PBXBuildFile; fileRef = 525A5E892BC8FCC900D896A4 /* WishListTableViewCell.swift */; };
		52BA76772BC529E100C50930 /* AppDelegate.swift in Sources */ = {isa = PBXBuildFile; fileRef = 52BA76762BC529E100C50930 /* AppDelegate.swift */; };
		52BA76792BC529E100C50930 /* SceneDelegate.swift in Sources */ = {isa = PBXBuildFile; fileRef = 52BA76782BC529E100C50930 /* SceneDelegate.swift */; };
		52BA767B2BC529E100C50930 /* ViewController.swift in Sources */ = {isa = PBXBuildFile; fileRef = 52BA767A2BC529E100C50930 /* ViewController.swift */; };
		52BA76812BC529E100C50930 /* WishList1.xcdatamodeld in Sources */ = {isa = PBXBuildFile; fileRef = 52BA767F2BC529E100C50930 /* WishList1.xcdatamodeld */; };
		52BA76832BC529E200C50930 /* Assets.xcassets in Resources */ = {isa = PBXBuildFile; fileRef = 52BA76822BC529E200C50930 /* Assets.xcassets */; };
		52BA76862BC529E200C50930 /* LaunchScreen.storyboard in Resources */ = {isa = PBXBuildFile; fileRef = 52BA76842BC529E200C50930 /* LaunchScreen.storyboard */; };
		52BA768E2BC52A0000C50930 /* Product.swift in Sources */ = {isa = PBXBuildFile; fileRef = 52BA768D2BC52A0000C50930 /* Product.swift */; };
		52BA76902BC52A0700C50930 /* APIManager.swift in Sources */ = {isa = PBXBuildFile; fileRef = 52BA768F2BC52A0700C50930 /* APIManager.swift */; };
		52BA76922BC52A1000C50930 /* CoreDataProduct.swift in Sources */ = {isa = PBXBuildFile; fileRef = 52BA76912BC52A1000C50930 /* CoreDataProduct.swift */; };
		52BA76942BC52A1500C50930 /* CoreDataStack.swift in Sources */ = {isa = PBXBuildFile; fileRef = 52BA76932BC52A1500C50930 /* CoreDataStack.swift */; };
		52BA76962BC52A1A00C50930 /* WishListViewController.swift in Sources */ = {isa = PBXBuildFile; fileRef = 52BA76952BC52A1A00C50930 /* WishListViewController.swift */; };
		52BA76982BC52A5400C50930 /* Main.storyboard in Resources */ = {isa = PBXBuildFile; fileRef = 52BA76972BC52A5400C50930 /* Main.storyboard */; };
/* End PBXBuildFile section */

/* Begin PBXFileReference section */
		525A5E892BC8FCC900D896A4 /* WishListTableViewCell.swift */ = {isa = PBXFileReference; lastKnownFileType = sourcecode.swift; path = WishListTableViewCell.swift; sourceTree = "<group>"; };
		52BA76732BC529E100C50930 /* WishList1.app */ = {isa = PBXFileReference; explicitFileType = wrapper.application; includeInIndex = 0; path = WishList1.app; sourceTree = BUILT_PRODUCTS_DIR; };
		52BA76762BC529E100C50930 /* AppDelegate.swift */ = {isa = PBXFileReference; lastKnownFileType = sourcecode.swift; path = AppDelegate.swift; sourceTree = "<group>"; };
		52BA76782BC529E100C50930 /* SceneDelegate.swift */ = {isa = PBXFileReference; lastKnownFileType = sourcecode.swift; path = SceneDelegate.swift; sourceTree = "<group>"; };
		52BA767A2BC529E100C50930 /* ViewController.swift */ = {isa = PBXFileReference; lastKnownFileType = sourcecode.swift; path = ViewController.swift; sourceTree = "<group>"; };
		52BA76802BC529E100C50930 /* temptemptemptemp.xcdatamodel */ = {isa = PBXFileReference; lastKnownFileType = wrapper.xcdatamodel; path = temptemptemptemp.xcdatamodel; sourceTree = "<group>"; };
		52BA76822BC529E200C50930 /* Assets.xcassets */ = {isa = PBXFileReference; lastKnownFileType = folder.assetcatalog; path = Assets.xcassets; sourceTree = "<group>"; };
		52BA76852BC529E200C50930 /* Base */ = {isa = PBXFileReference; lastKnownFileType = file.storyboard; name = Base; path = Base.lproj/LaunchScreen.storyboard; sourceTree = "<group>"; };
		52BA76872BC529E200C50930 /* Info.plist */ = {isa = PBXFileReference; lastKnownFileType = text.plist.xml; path = Info.plist; sourceTree = "<group>"; };
		52BA768D2BC52A0000C50930 /* Product.swift */ = {isa = PBXFileReference; fileEncoding = 4; lastKnownFileType = sourcecode.swift; path = Product.swift; sourceTree = "<group>"; };
		52BA768F2BC52A0700C50930 /* APIManager.swift */ = {isa = PBXFileReference; fileEncoding = 4; lastKnownFileType = sourcecode.swift; path = APIManager.swift; sourceTree = "<group>"; };
		52BA76912BC52A1000C50930 /* CoreDataProduct.swift */ = {isa = PBXFileReference; fileEncoding = 4; lastKnownFileType = sourcecode.swift; path = CoreDataProduct.swift; sourceTree = "<group>"; };
		52BA76932BC52A1500C50930 /* CoreDataStack.swift */ = {isa = PBXFileReference; fileEncoding = 4; lastKnownFileType = sourcecode.swift; path = CoreDataStack.swift; sourceTree = "<group>"; };
		52BA76952BC52A1A00C50930 /* WishListViewController.swift */ = {isa = PBXFileReference; fileEncoding = 4; lastKnownFileType = sourcecode.swift; path = WishListViewController.swift; sourceTree = "<group>"; };
		52BA76972BC52A5400C50930 /* Main.storyboard */ = {isa = PBXFileReference; fileEncoding = 4; lastKnownFileType = file.storyboard; path = Main.storyboard; sourceTree = "<group>"; };
/* End PBXFileReference section */

/* Begin PBXFrameworksBuildPhase section */
		52BA76702BC529E100C50930 /* Frameworks */ = {
			isa = PBXFrameworksBuildPhase;
			buildActionMask = 2147483647;
			files = (
			);
			runOnlyForDeploymentPostprocessing = 0;
		};
/* End PBXFrameworksBuildPhase section */

/* Begin PBXGroup section */
		52BA766A2BC529E100C50930 = {
			isa = PBXGroup;
			children = (
				52BA76752BC529E100C50930 /* temptemptemptemp */,
				52BA76742BC529E100C50930 /* Products */,
			);
			sourceTree = "<group>";
		};
		52BA76742BC529E100C50930 /* Products */ = {
			isa = PBXGroup;
			children = (
				52BA76732BC529E100C50930 /* WishList1.app */,
			);
			name = Products;
			sourceTree = "<group>";
		};
		52BA76752BC529E100C50930 /* temptemptemptemp */ = {
			isa = PBXGroup;
			children = (
				52BA76762BC529E100C50930 /* AppDelegate.swift */,
				52BA76782BC529E100C50930 /* SceneDelegate.swift */,
				52BA76972BC52A5400C50930 /* Main.storyboard */,
				52BA76822BC529E200C50930 /* Assets.xcassets */,
				52BA76842BC529E200C50930 /* LaunchScreen.storyboard */,
				52BA76872BC529E200C50930 /* Info.plist */,
				52BA767F2BC529E100C50930 /* WishList1.xcdatamodeld */,
				52BA767A2BC529E100C50930 /* ViewController.swift */,
				52BA768D2BC52A0000C50930 /* Product.swift */,
				525A5E892BC8FCC900D896A4 /* WishListTableViewCell.swift */,
				52BA768F2BC52A0700C50930 /* APIManager.swift */,
				52BA76912BC52A1000C50930 /* CoreDataProduct.swift */,
				52BA76952BC52A1A00C50930 /* WishListViewController.swift */,
				52BA76932BC52A1500C50930 /* CoreDataStack.swift */,
			);
			path = temptemptemptemp;
			sourceTree = "<group>";
		};
/* End PBXGroup section */

/* Begin PBXNativeTarget section */
		52BA76722BC529E100C50930 /* WishList1 */ = {
			isa = PBXNativeTarget;
			buildConfigurationList = 52BA768A2BC529E200C50930 /* Build configuration list for PBXNativeTarget "WishList1" */;
			buildPhases = (
				52BA766F2BC529E100C50930 /* Sources */,
				52BA76702BC529E100C50930 /* Frameworks */,
				52BA76712BC529E100C50930 /* Resources */,
			);
			buildRules = (
			);
			dependencies = (
			);
			name = WishList1;
			productName = temptemptemptemp;
			productReference = 52BA76732BC529E100C50930 /* WishList1.app */;
			productType = "com.apple.product-type.application";
		};
/* End PBXNativeTarget section */

/* Begin PBXProject section */
		52BA766B2BC529E100C50930 /* Project object */ = {
			isa = PBXProject;
			attributes = {
				BuildIndependentTargetsInParallel = 1;
				LastSwiftUpdateCheck = 1500;
				LastUpgradeCheck = 1500;
				TargetAttributes = {
					52BA76722BC529E100C50930 = {
						CreatedOnToolsVersion = 15.0.1;
					};
				};
			};
			buildConfigurationList = 52BA766E2BC529E100C50930 /* Build configuration list for PBXProject "WishList1" */;
			compatibilityVersion = "Xcode 14.0";
			developmentRegion = en;
			hasScannedForEncodings = 0;
			knownRegions = (
				en,
				Base,
			);
			mainGroup = 52BA766A2BC529E100C50930;
			productRefGroup = 52BA76742BC529E100C50930 /* Products */;
			projectDirPath = "";
			projectRoot = "";
			targets = (
				52BA76722BC529E100C50930 /* WishList1 */,
			);
		};
/* End PBXProject section */

/* Begin PBXResourcesBuildPhase section */
		52BA76712BC529E100C50930 /* Resources */ = {
			isa = PBXResourcesBuildPhase;
			buildActionMask = 2147483647;
			files = (
				52BA76862BC529E200C50930 /* LaunchScreen.storyboard in Resources */,
				52BA76832BC529E200C50930 /* Assets.xcassets in Resources */,
				52BA76982BC52A5400C50930 /* Main.storyboard in Resources */,
			);
			runOnlyForDeploymentPostprocessing = 0;
		};
/* End PBXResourcesBuildPhase section */

/* Begin PBXSourcesBuildPhase section */
		52BA766F2BC529E100C50930 /* Sources */ = {
			isa = PBXSourcesBuildPhase;
			buildActionMask = 2147483647;
			files = (
				52BA76902BC52A0700C50930 /* APIManager.swift in Sources */,
				52BA767B2BC529E100C50930 /* ViewController.swift in Sources */,
				52BA76922BC52A1000C50930 /* CoreDataProduct.swift in Sources */,
				52BA76812BC529E100C50930 /* WishList1.xcdatamodeld in Sources */,
				52BA768E2BC52A0000C50930 /* Product.swift in Sources */,
				525A5E8A2BC8FCC900D896A4 /* WishListTableViewCell.swift in Sources */,
				52BA76772BC529E100C50930 /* AppDelegate.swift in Sources */,
				52BA76792BC529E100C50930 /* SceneDelegate.swift in Sources */,
				52BA76962BC52A1A00C50930 /* WishListViewController.swift in Sources */,
				52BA76942BC52A1500C50930 /* CoreDataStack.swift in Sources */,
			);
			runOnlyForDeploymentPostprocessing = 0;
		};
/* End PBXSourcesBuildPhase section */

/* Begin PBXVariantGroup section */
		52BA76842BC529E200C50930 /* LaunchScreen.storyboard */ = {
			isa = PBXVariantGroup;
			children = (
				52BA76852BC529E200C50930 /* Base */,
			);
			name = LaunchScreen.storyboard;
			sourceTree = "<group>";
		};
/* End PBXVariantGroup section */

/* Begin XCBuildConfiguration section */
		52BA76882BC529E200C50930 /* Debug */ = {
			isa = XCBuildConfiguration;
			buildSettings = {
				ALWAYS_SEARCH_USER_PATHS = NO;
				ASSETCATALOG_COMPILER_GENERATE_SWIFT_ASSET_SYMBOL_EXTENSIONS = YES;
				CLANG_ANALYZER_NONNULL = YES;
				CLANG_ANALYZER_NUMBER_OBJECT_CONVERSION = YES_AGGRESSIVE;
				CLANG_CXX_LANGUAGE_STANDARD = "gnu++20";
				CLANG_ENABLE_MODULES = YES;
				CLANG_ENABLE_OBJC_ARC = YES;
				CLANG_ENABLE_OBJC_WEAK = YES;
				CLANG_WARN_BLOCK_CAPTURE_AUTORELEASING = YES;
				CLANG_WARN_BOOL_CONVERSION = YES;
				CLANG_WARN_COMMA = YES;
				CLANG_WARN_CONSTANT_CONVERSION = YES;
				CLANG_WARN_DEPRECATED_OBJC_IMPLEMENTATIONS = YES;
				CLANG_WARN_DIRECT_OBJC_ISA_USAGE = YES_ERROR;
				CLANG_WARN_DOCUMENTATION_COMMENTS = YES;
				CLANG_WARN_EMPTY_BODY = YES;
				CLANG_WARN_ENUM_CONVERSION = YES;
				CLANG_WARN_INFINITE_RECURSION = YES;
				CLANG_WARN_INT_CONVERSION = YES;
				CLANG_WARN_NON_LITERAL_NULL_CONVERSION = YES;
				CLANG_WARN_OBJC_IMPLICIT_RETAIN_SELF = YES;
				CLANG_WARN_OBJC_LITERAL_CONVERSION = YES;
				CLANG_WARN_OBJC_ROOT_CLASS = YES_ERROR;
				CLANG_WARN_QUOTED_INCLUDE_IN_FRAMEWORK_HEADER = YES;
				CLANG_WARN_RANGE_LOOP_ANALYSIS = YES;
				CLANG_WARN_STRICT_PROTOTYPES = YES;
				CLANG_WARN_SUSPICIOUS_MOVE = YES;
				CLANG_WARN_UNGUARDED_AVAILABILITY = YES_AGGRESSIVE;
				CLANG_WARN_UNREACHABLE_CODE = YES;
				CLANG_WARN__DUPLICATE_METHOD_MATCH = YES;
				COPY_PHASE_STRIP = NO;
				DEBUG_INFORMATION_FORMAT = dwarf;
				ENABLE_STRICT_OBJC_MSGSEND = YES;
				ENABLE_TESTABILITY = YES;
				ENABLE_USER_SCRIPT_SANDBOXING = YES;
				GCC_C_LANGUAGE_STANDARD = gnu17;
				GCC_DYNAMIC_NO_PIC = NO;
				GCC_NO_COMMON_BLOCKS = YES;
				GCC_OPTIMIZATION_LEVEL = 0;
				GCC_PREPROCESSOR_DEFINITIONS = (
					"DEBUG=1",
					"$(inherited)",
				);
				GCC_WARN_64_TO_32_BIT_CONVERSION = YES;
				GCC_WARN_ABOUT_RETURN_TYPE = YES_ERROR;
				GCC_WARN_UNDECLARED_SELECTOR = YES;
				GCC_WARN_UNINITIALIZED_AUTOS = YES_AGGRESSIVE;
				GCC_WARN_UNUSED_FUNCTION = YES;
				GCC_WARN_UNUSED_VARIABLE = YES;
				IPHONEOS_DEPLOYMENT_TARGET = 17.0;
				LOCALIZATION_PREFERS_STRING_CATALOGS = YES;
				MTL_ENABLE_DEBUG_INFO = INCLUDE_SOURCE;
				MTL_FAST_MATH = YES;
				ONLY_ACTIVE_ARCH = YES;
				SDKROOT = iphoneos;
				SWIFT_ACTIVE_COMPILATION_CONDITIONS = "DEBUG $(inherited)";
				SWIFT_OPTIMIZATION_LEVEL = "-Onone";
			};
			name = Debug;
		};
		52BA76892BC529E200C50930 /* Release */ = {
			isa = XCBuildConfiguration;
			buildSettings = {
				ALWAYS_SEARCH_USER_PATHS = NO;
				ASSETCATALOG_COMPILER_GENERATE_SWIFT_ASSET_SYMBOL_EXTENSIONS = YES;
				CLANG_ANALYZER_NONNULL = YES;
				CLANG_ANALYZER_NUMBER_OBJECT_CONVERSION = YES_AGGRESSIVE;
				CLANG_CXX_LANGUAGE_STANDARD = "gnu++20";
				CLANG_ENABLE_MODULES = YES;
				CLANG_ENABLE_OBJC_ARC = YES;
				CLANG_ENABLE_OBJC_WEAK = YES;
				CLANG_WARN_BLOCK_CAPTURE_AUTORELEASING = YES;
				CLANG_WARN_BOOL_CONVERSION = YES;
				CLANG_WARN_COMMA = YES;
				CLANG_WARN_CONSTANT_CONVERSION = YES;
				CLANG_WARN_DEPRECATED_OBJC_IMPLEMENTATIONS = YES;
				CLANG_WARN_DIRECT_OBJC_ISA_USAGE = YES_ERROR;
				CLANG_WARN_DOCUMENTATION_COMMENTS = YES;
				CLANG_WARN_EMPTY_BODY = YES;
				CLANG_WARN_ENUM_CONVERSION = YES;
				CLANG_WARN_INFINITE_RECURSION = YES;
				CLANG_WARN_INT_CONVERSION = YES;
				CLANG_WARN_NON_LITERAL_NULL_CONVERSION = YES;
				CLANG_WARN_OBJC_IMPLICIT_RETAIN_SELF = YES;
				CLANG_WARN_OBJC_LITERAL_CONVERSION = YES;
				CLANG_WARN_OBJC_ROOT_CLASS = YES_ERROR;
				CLANG_WARN_QUOTED_INCLUDE_IN_FRAMEWORK_HEADER = YES;
				CLANG_WARN_RANGE_LOOP_ANALYSIS = YES;
				CLANG_WARN_STRICT_PROTOTYPES = YES;
				CLANG_WARN_SUSPICIOUS_MOVE = YES;
				CLANG_WARN_UNGUARDED_AVAILABILITY = YES_AGGRESSIVE;
				CLANG_WARN_UNREACHABLE_CODE = YES;
				CLANG_WARN__DUPLICATE_METHOD_MATCH = YES;
				COPY_PHASE_STRIP = NO;
				DEBUG_INFORMATION_FORMAT = "dwarf-with-dsym";
				ENABLE_NS_ASSERTIONS = NO;
				ENABLE_STRICT_OBJC_MSGSEND = YES;
				ENABLE_USER_SCRIPT_SANDBOXING = YES;
				GCC_C_LANGUAGE_STANDARD = gnu17;
				GCC_NO_COMMON_BLOCKS = YES;
				GCC_WARN_64_TO_32_BIT_CONVERSION = YES;
				GCC_WARN_ABOUT_RETURN_TYPE = YES_ERROR;
				GCC_WARN_UNDECLARED_SELECTOR = YES;
				GCC_WARN_UNINITIALIZED_AUTOS = YES_AGGRESSIVE;
				GCC_WARN_UNUSED_FUNCTION = YES;
				GCC_WARN_UNUSED_VARIABLE = YES;
				IPHONEOS_DEPLOYMENT_TARGET = 17.0;
				LOCALIZATION_PREFERS_STRING_CATALOGS = YES;
				MTL_ENABLE_DEBUG_INFO = NO;
				MTL_FAST_MATH = YES;
				SDKROOT = iphoneos;
				SWIFT_COMPILATION_MODE = wholemodule;
				VALIDATE_PRODUCT = YES;
			};
			name = Release;
		};
		52BA768B2BC529E200C50930 /* Debug */ = {
			isa = XCBuildConfiguration;
			buildSettings = {
				ASSETCATALOG_COMPILER_APPICON_NAME = AppIcon;
				ASSETCATALOG_COMPILER_GLOBAL_ACCENT_COLOR_NAME = AccentColor;
				CODE_SIGN_STYLE = Automatic;
				CURRENT_PROJECT_VERSION = 1;
				GENERATE_INFOPLIST_FILE = YES;
				INFOPLIST_FILE = temptemptemptemp/Info.plist;
				INFOPLIST_KEY_UIApplicationSupportsIndirectInputEvents = YES;
				INFOPLIST_KEY_UILaunchStoryboardName = LaunchScreen;
				INFOPLIST_KEY_UIMainStoryboardFile = Main;
				INFOPLIST_KEY_UISupportedInterfaceOrientations_iPad = "UIInterfaceOrientationPortrait UIInterfaceOrientationPortraitUpsideDown UIInterfaceOrientationLandscapeLeft UIInterfaceOrientationLandscapeRight";
				INFOPLIST_KEY_UISupportedInterfaceOrientations_iPhone = "UIInterfaceOrientationPortrait UIInterfaceOrientationLandscapeLeft UIInterfaceOrientationLandscapeRight";
				IPHONEOS_DEPLOYMENT_TARGET = 15.0;
				LD_RUNPATH_SEARCH_PATHS = (
					"$(inherited)",
					"@executable_path/Frameworks",
				);
				MARKETING_VERSION = 1.0;
				PRODUCT_BUNDLE_IDENTIFIER = com.sngsp.temptemptemptemp;
				PRODUCT_NAME = "$(TARGET_NAME)";
				SWIFT_EMIT_LOC_STRINGS = YES;
				SWIFT_VERSION = 5.0;
				TARGETED_DEVICE_FAMILY = "1,2";
			};
			name = Debug;
		};
		52BA768C2BC529E200C50930 /* Release */ = {
			isa = XCBuildConfiguration;
			buildSettings = {
				ASSETCATALOG_COMPILER_APPICON_NAME = AppIcon;
				ASSETCATALOG_COMPILER_GLOBAL_ACCENT_COLOR_NAME = AccentColor;
				CODE_SIGN_STYLE = Automatic;
				CURRENT_PROJECT_VERSION = 1;
				GENERATE_INFOPLIST_FILE = YES;
				INFOPLIST_FILE = temptemptemptemp/Info.plist;
				INFOPLIST_KEY_UIApplicationSupportsIndirectInputEvents = YES;
				INFOPLIST_KEY_UILaunchStoryboardName = LaunchScreen;
				INFOPLIST_KEY_UIMainStoryboardFile = Main;
				INFOPLIST_KEY_UISupportedInterfaceOrientations_iPad = "UIInterfaceOrientationPortrait UIInterfaceOrientationPortraitUpsideDown UIInterfaceOrientationLandscapeLeft UIInterfaceOrientationLandscapeRight";
				INFOPLIST_KEY_UISupportedInterfaceOrientations_iPhone = "UIInterfaceOrientationPortrait UIInterfaceOrientationLandscapeLeft UIInterfaceOrientationLandscapeRight";
				IPHONEOS_DEPLOYMENT_TARGET = 15.0;
				LD_RUNPATH_SEARCH_PATHS = (
					"$(inherited)",
					"@executable_path/Frameworks",
				);
				MARKETING_VERSION = 1.0;
				PRODUCT_BUNDLE_IDENTIFIER = com.sngsp.temptemptemptemp;
				PRODUCT_NAME = "$(TARGET_NAME)";
				SWIFT_EMIT_LOC_STRINGS = YES;
				SWIFT_VERSION = 5.0;
				TARGETED_DEVICE_FAMILY = "1,2";
			};
			name = Release;
		};
/* End XCBuildConfiguration section */

/* Begin XCConfigurationList section */
		52BA766E2BC529E100C50930 /* Build configuration list for PBXProject "WishList1" */ = {
			isa = XCConfigurationList;
			buildConfigurations = (
				52BA76882BC529E200C50930 /* Debug */,
				52BA76892BC529E200C50930 /* Release */,
			);
			defaultConfigurationIsVisible = 0;
			defaultConfigurationName = Release;
		};
		52BA768A2BC529E200C50930 /* Build configuration list for PBXNativeTarget "WishList1" */ = {
			isa = XCConfigurationList;
			buildConfigurations = (
				52BA768B2BC529E200C50930 /* Debug */,
				52BA768C2BC529E200C50930 /* Release */,
			);
			defaultConfigurationIsVisible = 0;
			defaultConfigurationName = Release;
		};
/* End XCConfigurationList section */

/* Begin XCVersionGroup section */
		52BA767F2BC529E100C50930 /* WishList1.xcdatamodeld */ = {
			isa = XCVersionGroup;
			children = (
				52BA76802BC529E100C50930 /* temptemptemptemp.xcdatamodel */,
			);
			currentVersion = 52BA76802BC529E100C50930 /* temptemptemptemp.xcdatamodel */;
			path = WishList1.xcdatamodeld;
			sourceTree = "<group>";
			versionGroupType = wrapper.xcdatamodel;
		};
/* End XCVersionGroup section */
	};
	rootObject = 52BA766B2BC529E100C50930 /* Project object */;
}
